
Microsoft Visual Studio Solution File, Format Version 12.00
# Visual Studio Version 17
VisualStudioVersion = 17.10.35027.167
MinimumVisualStudioVersion = 10.0.40219.1
Project("{FAE04EC0-301F-11D3-BF4B-00C04F79EFBC}") = "BengMealeaDB", "BengMealeaDB\BengMealeaDB.csproj", "{BB0EF4AC-4918-425C-A22E-87F2E164386B}"
EndProject
Global
	GlobalSection(SolutionConfigurationPlatforms) = preSolution
		Debug|Any CPU = Debug|Any CPU
		Release|Any CPU = Release|Any CPU
	EndGlobalSection
	GlobalSection(ProjectConfigurationPlatforms) = postSolution
		{BB0EF4AC-4918-425C-A22E-87F2E164386B}.Debug|Any CPU.ActiveCfg = Debug|Any CPU
		{BB0EF4AC-4918-425C-A22E-87F2E164386B}.Debug|Any CPU.Build.0 = Debug|Any CPU
		{BB0EF4AC-4918-425C-A22E-87F2E164386B}.Release|Any CPU.ActiveCfg = Release|Any CPU
		{BB0EF4AC-4918-425C-A22E-87F2E164386B}.Release|Any CPU.Build.0 = Release|Any CPU
	EndGlobalSection
	GlobalSection(SolutionProperties) = preSolution
		HideSolutionNode = FALSE
	EndGlobalSection
	GlobalSection(ExtensibilityGlobals) = postSolution
		SolutionGuid = {963A9D6B-07AA-4DBB-9222-0A2FE6C6F42D}
	EndGlobalSection
EndGlobal
